
Microsoft Visual Studio Solution File, Format Version 12.00
# Visual Studio Version 17
VisualStudioVersion = 17.5.002.0
MinimumVisualStudioVersion = 10.0.40219.1
Project("{9A19103F-16F7-4668-BE54-9A1E7A4F7556}") = "api", "api.csproj", "{519C5AC3-5E39-404E-9F3F-5DED3F64ABFE}"
EndProject
Global
	GlobalSection(SolutionConfigurationPlatforms) = preSolution
		Debug|Any CPU = Debug|Any CPU
		Release|Any CPU = Release|Any CPU
	EndGlobalSection
	GlobalSection(ProjectConfigurationPlatforms) = postSolution
		{519C5AC3-5E39-404E-9F3F-5DED3F64ABFE}.Debug|Any CPU.ActiveCfg = Debug|Any CPU
		{519C5AC3-5E39-404E-9F3F-5DED3F64ABFE}.Debug|Any CPU.Build.0 = Debug|Any CPU
		{519C5AC3-5E39-404E-9F3F-5DED3F64ABFE}.Release|Any CPU.ActiveCfg = Release|Any CPU
		{519C5AC3-5E39-404E-9F3F-5DED3F64ABFE}.Release|Any CPU.Build.0 = Release|Any CPU
	EndGlobalSection
	GlobalSection(SolutionProperties) = preSolution
		HideSolutionNode = FALSE
	EndGlobalSection
	GlobalSection(ExtensibilityGlobals) = postSolution
		SolutionGuid = {CD25D17C-93AD-4BB5-A846-EC70ECAF1FFD}
	EndGlobalSection
EndGlobal
